
Microsoft Visual Studio Solution File, Format Version 12.00
# Visual Studio Version 17
VisualStudioVersion = 17.14.36623.8 d17.14
MinimumVisualStudioVersion = 10.0.40219.1
Project("{8BC9CEB8-8B4A-11D0-8D11-00A0C91BC942}") = "x64cssinternal", "x64cssinternal\x64cssinternal.vcxproj", "{49A7FB75-EDB0-4D75-AAC9-DD1710AFA3BC}"
EndProject
Global
	GlobalSection(SolutionConfigurationPlatforms) = preSolution
		Debug|x64 = Debug|x64
		Release|x64 = Release|x64
	EndGlobalSection
	GlobalSection(ProjectConfigurationPlatforms) = postSolution
		{49A7FB75-EDB0-4D75-AAC9-DD1710AFA3BC}.Debug|x64.ActiveCfg = Debug|x64
		{49A7FB75-EDB0-4D75-AAC9-DD1710AFA3BC}.Debug|x64.Build.0 = Debug|x64
		{49A7FB75-EDB0-4D75-AAC9-DD1710AFA3BC}.Release|x64.ActiveCfg = Release|x64
		{49A7FB75-EDB0-4D75-AAC9-DD1710AFA3BC}.Release|x64.Build.0 = Release|x64
	EndGlobalSection
	GlobalSection(SolutionProperties) = preSolution
		HideSolutionNode = FALSE
	EndGlobalSection
	GlobalSection(ExtensibilityGlobals) = postSolution
		SolutionGuid = {CC2D7A98-0B86-4B00-9D8A-E452C68E6760}
	EndGlobalSection
EndGlobal
